<?xml version="1.0" encoding="UTF-8" standalone="yes" ?>
<CodeBlocks_project_file>
	<FileVersion major="1" minor="6" />
	<Project>
		<Option title="ACOPSP" />
		<Option pch_mode="2" />
		<Option compiler="gcc" />
		<Build>
			<Target title="Debug">
				<Option output="bin/Debug/ACOPSP" prefix_auto="1" extension_auto="1" />
				<Option object_output="obj/Debug/" />
				<Option type="1" />
				<Option compiler="gcc" />
				<Compiler>
					<Add option="-g" />
				</Compiler>
			</Target>
			<Target title="Release">
				<Option output="bin/Release/ACOPSP" prefix_auto="1" extension_auto="1" />
				<Option object_output="obj/Release/" />
				<Option type="1" />
				<Option compiler="gcc" />
				<Option parameters="-r 10000 -ant 100 -k 3 -rho 0.3 -inst 3ON7 -seed 7 -al 1" />
				<Compiler>
					<Add option="-O2" />
				</Compiler>
				<Linker>
					<Add option="-s" />
				</Linker>
			</Target>
		</Build>
		<Compiler>
			<Add option="-Wall" />
			<Add option="-fexceptions" />
		</Compiler>
		<Unit filename="4RXN.in" />
		<Unit filename="ACOPSP.depend" />
		<Unit filename="ACOPSP.layout" />
		<Unit filename="Guided-macro-mutation-in-a-graded-energy-based-genetic-algorithm.pdf" />
		<Unit filename="README.md" />
		<Unit filename="main.cpp" />
		<Unit filename="obj/Debug/main.o" />
		<Unit filename="rashid2013.pdf" />
		<Unit filename="tools/createMJEnergyModel.cpp" />
		<Extensions>
			<code_completion />
			<envvars />
			<debugger />
			<lib_finder disable_auto="1" />
		</Extensions>
	</Project>
</CodeBlocks_project_file>
